
Microsoft Visual Studio Solution File, Format Version 12.00
Project("{FAE04EC0-301F-11D3-BF4B-00C04F79EFBC}") = "ComponentConfigurator", "ComponentConfigurator\ComponentConfigurator.csproj", "{89252337-0B35-4DD5-8C3B-53CDD7640DA2}"
EndProject
Project("{FAE04EC0-301F-11D3-BF4B-00C04F79EFBC}") = "Common", "Common\Common.csproj", "{5AF5006E-F014-449D-B59B-D6F9B89BC8A2}"
EndProject
Project("{FAE04EC0-301F-11D3-BF4B-00C04F79EFBC}") = "HelloWorldComponent", "HelloWorldComponent\HelloWorldComponent.csproj", "{D83A613F-DB91-4163-BC14-CA24C67F30FF}"
EndProject
Project("{FAE04EC0-301F-11D3-BF4B-00C04F79EFBC}") = "HelloUniverseComponent", "HelloUniverseComponent\HelloUniverseComponent.csproj", "{EBA9A201-6584-4F4A-9AEB-E54AF184A3CD}"
EndProject
Global
	GlobalSection(SolutionConfigurationPlatforms) = preSolution
		Debug|Any CPU = Debug|Any CPU
		Release|Any CPU = Release|Any CPU
	EndGlobalSection
	GlobalSection(ProjectConfigurationPlatforms) = postSolution
		{89252337-0B35-4DD5-8C3B-53CDD7640DA2}.Debug|Any CPU.ActiveCfg = Debug|Any CPU
		{89252337-0B35-4DD5-8C3B-53CDD7640DA2}.Debug|Any CPU.Build.0 = Debug|Any CPU
		{89252337-0B35-4DD5-8C3B-53CDD7640DA2}.Release|Any CPU.ActiveCfg = Release|Any CPU
		{89252337-0B35-4DD5-8C3B-53CDD7640DA2}.Release|Any CPU.Build.0 = Release|Any CPU
		{5AF5006E-F014-449D-B59B-D6F9B89BC8A2}.Debug|Any CPU.ActiveCfg = Debug|Any CPU
		{5AF5006E-F014-449D-B59B-D6F9B89BC8A2}.Debug|Any CPU.Build.0 = Debug|Any CPU
		{5AF5006E-F014-449D-B59B-D6F9B89BC8A2}.Release|Any CPU.ActiveCfg = Release|Any CPU
		{5AF5006E-F014-449D-B59B-D6F9B89BC8A2}.Release|Any CPU.Build.0 = Release|Any CPU
		{D83A613F-DB91-4163-BC14-CA24C67F30FF}.Debug|Any CPU.ActiveCfg = Debug|Any CPU
		{D83A613F-DB91-4163-BC14-CA24C67F30FF}.Debug|Any CPU.Build.0 = Debug|Any CPU
		{D83A613F-DB91-4163-BC14-CA24C67F30FF}.Release|Any CPU.ActiveCfg = Release|Any CPU
		{D83A613F-DB91-4163-BC14-CA24C67F30FF}.Release|Any CPU.Build.0 = Release|Any CPU
		{EBA9A201-6584-4F4A-9AEB-E54AF184A3CD}.Debug|Any CPU.ActiveCfg = Debug|Any CPU
		{EBA9A201-6584-4F4A-9AEB-E54AF184A3CD}.Debug|Any CPU.Build.0 = Debug|Any CPU
		{EBA9A201-6584-4F4A-9AEB-E54AF184A3CD}.Release|Any CPU.ActiveCfg = Release|Any CPU
		{EBA9A201-6584-4F4A-9AEB-E54AF184A3CD}.Release|Any CPU.Build.0 = Release|Any CPU
	EndGlobalSection
EndGlobal
